
Microsoft Visual Studio Solution File, Format Version 12.00
# Visual Studio Version 16
VisualStudioVersion = 16.0.30011.22
MinimumVisualStudioVersion = 10.0.40219.1
Project("{9A19103F-16F7-4668-BE54-9A1E7A4F7556}") = "Memory", "Memory\Memory.csproj", "{E4E19C09-9DE7-4564-B036-6E06CFAA1243}"
EndProject
Project("{FAE04EC0-301F-11D3-BF4B-00C04F79EFBC}") = "MemoryTests", "MemoryTests\MemoryTests.csproj", "{A6F70F6A-1747-4C1F-B0BB-99586BD017EC}"
EndProject
Global
	GlobalSection(SolutionConfigurationPlatforms) = preSolution
		Debug|Any CPU = Debug|Any CPU
		Release|Any CPU = Release|Any CPU
	EndGlobalSection
	GlobalSection(ProjectConfigurationPlatforms) = postSolution
		{E4E19C09-9DE7-4564-B036-6E06CFAA1243}.Debug|Any CPU.ActiveCfg = Debug|Any CPU
		{E4E19C09-9DE7-4564-B036-6E06CFAA1243}.Debug|Any CPU.Build.0 = Debug|Any CPU
		{E4E19C09-9DE7-4564-B036-6E06CFAA1243}.Release|Any CPU.ActiveCfg = Release|Any CPU
		{E4E19C09-9DE7-4564-B036-6E06CFAA1243}.Release|Any CPU.Build.0 = Release|Any CPU
		{A6F70F6A-1747-4C1F-B0BB-99586BD017EC}.Debug|Any CPU.ActiveCfg = Debug|Any CPU
		{A6F70F6A-1747-4C1F-B0BB-99586BD017EC}.Debug|Any CPU.Build.0 = Debug|Any CPU
		{A6F70F6A-1747-4C1F-B0BB-99586BD017EC}.Release|Any CPU.ActiveCfg = Release|Any CPU
		{A6F70F6A-1747-4C1F-B0BB-99586BD017EC}.Release|Any CPU.Build.0 = Release|Any CPU
	EndGlobalSection
	GlobalSection(SolutionProperties) = preSolution
		HideSolutionNode = FALSE
	EndGlobalSection
	GlobalSection(ExtensibilityGlobals) = postSolution
		SolutionGuid = {FD611C57-E783-446C-8A5E-DD50638ACA0D}
	EndGlobalSection
EndGlobal
